// !$*UTF8*$!
{
	archiveVersion = 1;
	classes = {
	};
	objectVersion = 50;
	objects = {

/* Begin PBXBuildFile section */
		4C9EA6FC248DEE5D00FD3F14 /* AppDelegate.swift in Sources */ = {isa = PBXBuildFile; fileRef = 4C9EA6FB248DEE5D00FD3F14 /* AppDelegate.swift */; };
		4C9EA6FE248DEE5D00FD3F14 /* SceneDelegate.swift in Sources */ = {isa = PBXBuildFile; fileRef = 4C9EA6FD248DEE5D00FD3F14 /* SceneDelegate.swift */; };
		4C9EA700248DEE5D00FD3F14 /* ConversationsViewController.swift in Sources */ = {isa = PBXBuildFile; fileRef = 4C9EA6FF248DEE5D00FD3F14 /* ConversationsViewController.swift */; };
		4C9EA703248DEE5D00FD3F14 /* Main.storyboard in Resources */ = {isa = PBXBuildFile; fileRef = 4C9EA701248DEE5D00FD3F14 /* Main.storyboard */; };
		4C9EA705248DEE6200FD3F14 /* Assets.xcassets in Resources */ = {isa = PBXBuildFile; fileRef = 4C9EA704248DEE6200FD3F14 /* Assets.xcassets */; };
		4C9EA708248DEE6200FD3F14 /* LaunchScreen.storyboard in Resources */ = {isa = PBXBuildFile; fileRef = 4C9EA706248DEE6200FD3F14 /* LaunchScreen.storyboard */; };
		4C9EA716248DF0E100FD3F14 /* LoginViewController.swift in Sources */ = {isa = PBXBuildFile; fileRef = 4C9EA715248DF0E100FD3F14 /* LoginViewController.swift */; };
		4C9EA718248DF0F500FD3F14 /* RegisterViewController.swift in Sources */ = {isa = PBXBuildFile; fileRef = 4C9EA717248DF0F500FD3F14 /* RegisterViewController.swift */; };
		4C9EA71A248DF10F00FD3F14 /* PhotoViewerViewController.swift in Sources */ = {isa = PBXBuildFile; fileRef = 4C9EA719248DF10F00FD3F14 /* PhotoViewerViewController.swift */; };
		4C9EA71C248DF12400FD3F14 /* VideoPlayerViewController.swift in Sources */ = {isa = PBXBuildFile; fileRef = 4C9EA71B248DF12400FD3F14 /* VideoPlayerViewController.swift */; };
		4C9EA71E248DF14500FD3F14 /* NewConversationViewController.swift in Sources */ = {isa = PBXBuildFile; fileRef = 4C9EA71D248DF14500FD3F14 /* NewConversationViewController.swift */; };
		4C9EA720248DF15F00FD3F14 /* ProfileViewController.swift in Sources */ = {isa = PBXBuildFile; fileRef = 4C9EA71F248DF15F00FD3F14 /* ProfileViewController.swift */; };
		4CCD202824909F7500BBAE15 /* Extensions.swift in Sources */ = {isa = PBXBuildFile; fileRef = 4CCD202724909F7500BBAE15 /* Extensions.swift */; };
/* End PBXBuildFile section */

/* Begin PBXFileReference section */
		4C9EA6F8248DEE5D00FD3F14 /* Messenger_Cover_App.app */ = {isa = PBXFileReference; explicitFileType = wrapper.application; includeInIndex = 0; path = Messenger_Cover_App.app; sourceTree = BUILT_PRODUCTS_DIR; };
		4C9EA6FB248DEE5D00FD3F14 /* AppDelegate.swift */ = {isa = PBXFileReference; lastKnownFileType = sourcecode.swift; path = AppDelegate.swift; sourceTree = "<group>"; };
		4C9EA6FD248DEE5D00FD3F14 /* SceneDelegate.swift */ = {isa = PBXFileReference; lastKnownFileType = sourcecode.swift; path = SceneDelegate.swift; sourceTree = "<group>"; };
		4C9EA6FF248DEE5D00FD3F14 /* ConversationsViewController.swift */ = {isa = PBXFileReference; lastKnownFileType = sourcecode.swift; path = ConversationsViewController.swift; sourceTree = "<group>"; };
		4C9EA702248DEE5D00FD3F14 /* Base */ = {isa = PBXFileReference; lastKnownFileType = file.storyboard; name = Base; path = Base.lproj/Main.storyboard; sourceTree = "<group>"; };
		4C9EA704248DEE6200FD3F14 /* Assets.xcassets */ = {isa = PBXFileReference; lastKnownFileType = folder.assetcatalog; path = Assets.xcassets; sourceTree = "<group>"; };
		4C9EA707248DEE6200FD3F14 /* Base */ = {isa = PBXFileReference; lastKnownFileType = file.storyboard; name = Base; path = Base.lproj/LaunchScreen.storyboard; sourceTree = "<group>"; };
		4C9EA709248DEE6200FD3F14 /* Info.plist */ = {isa = PBXFileReference; lastKnownFileType = text.plist.xml; path = Info.plist; sourceTree = "<group>"; };
		4C9EA715248DF0E100FD3F14 /* LoginViewController.swift */ = {isa = PBXFileReference; lastKnownFileType = sourcecode.swift; path = LoginViewController.swift; sourceTree = "<group>"; };
		4C9EA717248DF0F500FD3F14 /* RegisterViewController.swift */ = {isa = PBXFileReference; lastKnownFileType = sourcecode.swift; path = RegisterViewController.swift; sourceTree = "<group>"; };
		4C9EA719248DF10F00FD3F14 /* PhotoViewerViewController.swift */ = {isa = PBXFileReference; lastKnownFileType = sourcecode.swift; path = PhotoViewerViewController.swift; sourceTree = "<group>"; };
		4C9EA71B248DF12400FD3F14 /* VideoPlayerViewController.swift */ = {isa = PBXFileReference; lastKnownFileType = sourcecode.swift; path = VideoPlayerViewController.swift; sourceTree = "<group>"; };
		4C9EA71D248DF14500FD3F14 /* NewConversationViewController.swift */ = {isa = PBXFileReference; lastKnownFileType = sourcecode.swift; path = NewConversationViewController.swift; sourceTree = "<group>"; };
		4C9EA71F248DF15F00FD3F14 /* ProfileViewController.swift */ = {isa = PBXFileReference; lastKnownFileType = sourcecode.swift; path = ProfileViewController.swift; sourceTree = "<group>"; };
		4CCD202724909F7500BBAE15 /* Extensions.swift */ = {isa = PBXFileReference; lastKnownFileType = sourcecode.swift; path = Extensions.swift; sourceTree = "<group>"; };
/* End PBXFileReference section */

/* Begin PBXFrameworksBuildPhase section */
		4C9EA6F5248DEE5D00FD3F14 /* Frameworks */ = {
			isa = PBXFrameworksBuildPhase;
			buildActionMask = 2147483647;
			files = (
			);
			runOnlyForDeploymentPostprocessing = 0;
		};
/* End PBXFrameworksBuildPhase section */

/* Begin PBXGroup section */
		4C9EA6EF248DEE5D00FD3F14 = {
			isa = PBXGroup;
			children = (
				4C9EA6FA248DEE5D00FD3F14 /* Messenger_Cover_App */,
				4C9EA6F9248DEE5D00FD3F14 /* Products */,
			);
			sourceTree = "<group>";
		};
		4C9EA6F9248DEE5D00FD3F14 /* Products */ = {
			isa = PBXGroup;
			children = (
				4C9EA6F8248DEE5D00FD3F14 /* Messenger_Cover_App.app */,
			);
			name = Products;
			sourceTree = "<group>";
		};
		4C9EA6FA248DEE5D00FD3F14 /* Messenger_Cover_App */ = {
			isa = PBXGroup;
			children = (
				4C9EA713248DEF8F00FD3F14 /* Resources */,
				4C9EA712248DEF8700FD3F14 /* ViewModels */,
				4C9EA711248DEF8100FD3F14 /* Models */,
				4C9EA710248DEF7A00FD3F14 /* Views */,
				4C9EA70F248DEF6C00FD3F14 /* Controllers */,
				4C9EA709248DEE6200FD3F14 /* Info.plist */,
			);
			path = Messenger_Cover_App;
			sourceTree = "<group>";
		};
		4C9EA70F248DEF6C00FD3F14 /* Controllers */ = {
			isa = PBXGroup;
			children = (
				4C9EA6FF248DEE5D00FD3F14 /* ConversationsViewController.swift */,
				4C9EA741249095D900FD3F14 /* LoginOrSignUp */,
				4C9EA719248DF10F00FD3F14 /* PhotoViewerViewController.swift */,
				4C9EA71B248DF12400FD3F14 /* VideoPlayerViewController.swift */,
				4C9EA71D248DF14500FD3F14 /* NewConversationViewController.swift */,
				4C9EA71F248DF15F00FD3F14 /* ProfileViewController.swift */,
			);
			path = Controllers;
			sourceTree = "<group>";
		};
		4C9EA710248DEF7A00FD3F14 /* Views */ = {
			isa = PBXGroup;
			children = (
				4C9EA714248DEFCC00FD3F14 /* Storyboards */,
				4C9EA704248DEE6200FD3F14 /* Assets.xcassets */,
			);
			path = Views;
			sourceTree = "<group>";
		};
		4C9EA711248DEF8100FD3F14 /* Models */ = {
			isa = PBXGroup;
			children = (
			);
			path = Models;
			sourceTree = "<group>";
		};
		4C9EA712248DEF8700FD3F14 /* ViewModels */ = {
			isa = PBXGroup;
			children = (
			);
			path = ViewModels;
			sourceTree = "<group>";
		};
		4C9EA713248DEF8F00FD3F14 /* Resources */ = {
			isa = PBXGroup;
			children = (
				4C9EA6FB248DEE5D00FD3F14 /* AppDelegate.swift */,
				4C9EA6FD248DEE5D00FD3F14 /* SceneDelegate.swift */,
				4CCD202724909F7500BBAE15 /* Extensions.swift */,
			);
			path = Resources;
			sourceTree = "<group>";
		};
		4C9EA714248DEFCC00FD3F14 /* Storyboards */ = {
			isa = PBXGroup;
			children = (
				4C9EA701248DEE5D00FD3F14 /* Main.storyboard */,
				4C9EA706248DEE6200FD3F14 /* LaunchScreen.storyboard */,
			);
			path = Storyboards;
			sourceTree = "<group>";
		};
		4C9EA741249095D900FD3F14 /* LoginOrSignUp */ = {
			isa = PBXGroup;
			children = (
				4C9EA715248DF0E100FD3F14 /* LoginViewController.swift */,
				4C9EA717248DF0F500FD3F14 /* RegisterViewController.swift */,
			);
			path = LoginOrSignUp;
			sourceTree = "<group>";
		};
/* End PBXGroup section */

/* Begin PBXNativeTarget section */
		4C9EA6F7248DEE5D00FD3F14 /* Messenger_Cover_App */ = {
			isa = PBXNativeTarget;
			buildConfigurationList = 4C9EA70C248DEE6200FD3F14 /* Build configuration list for PBXNativeTarget "Messenger_Cover_App" */;
			buildPhases = (
				4C9EA6F4248DEE5D00FD3F14 /* Sources */,
				4C9EA6F5248DEE5D00FD3F14 /* Frameworks */,
				4C9EA6F6248DEE5D00FD3F14 /* Resources */,
			);
			buildRules = (
			);
			dependencies = (
			);
			name = Messenger_Cover_App;
			productName = Messenger_Cover_App;
			productReference = 4C9EA6F8248DEE5D00FD3F14 /* Messenger_Cover_App.app */;
			productType = "com.apple.product-type.application";
		};
/* End PBXNativeTarget section */

/* Begin PBXProject section */
		4C9EA6F0248DEE5D00FD3F14 /* Project object */ = {
			isa = PBXProject;
			attributes = {
				LastSwiftUpdateCheck = 1150;
				LastUpgradeCheck = 1150;
				ORGANIZATIONNAME = "Thien Tung";
				TargetAttributes = {
					4C9EA6F7248DEE5D00FD3F14 = {
						CreatedOnToolsVersion = 11.5;
					};
				};
			};
			buildConfigurationList = 4C9EA6F3248DEE5D00FD3F14 /* Build configuration list for PBXProject "Messenger_Cover_App" */;
			compatibilityVersion = "Xcode 9.3";
			developmentRegion = en;
			hasScannedForEncodings = 0;
			knownRegions = (
				en,
				Base,
			);
			mainGroup = 4C9EA6EF248DEE5D00FD3F14;
			productRefGroup = 4C9EA6F9248DEE5D00FD3F14 /* Products */;
			projectDirPath = "";
			projectRoot = "";
			targets = (
				4C9EA6F7248DEE5D00FD3F14 /* Messenger_Cover_App */,
			);
		};
/* End PBXProject section */

/* Begin PBXResourcesBuildPhase section */
		4C9EA6F6248DEE5D00FD3F14 /* Resources */ = {
			isa = PBXResourcesBuildPhase;
			buildActionMask = 2147483647;
			files = (
				4C9EA708248DEE6200FD3F14 /* LaunchScreen.storyboard in Resources */,
				4C9EA705248DEE6200FD3F14 /* Assets.xcassets in Resources */,
				4C9EA703248DEE5D00FD3F14 /* Main.storyboard in Resources */,
			);
			runOnlyForDeploymentPostprocessing = 0;
		};
/* End PBXResourcesBuildPhase section */

/* Begin PBXSourcesBuildPhase section */
		4C9EA6F4248DEE5D00FD3F14 /* Sources */ = {
			isa = PBXSourcesBuildPhase;
			buildActionMask = 2147483647;
			files = (
				4C9EA716248DF0E100FD3F14 /* LoginViewController.swift in Sources */,
				4C9EA718248DF0F500FD3F14 /* RegisterViewController.swift in Sources */,
				4C9EA71E248DF14500FD3F14 /* NewConversationViewController.swift in Sources */,
				4C9EA700248DEE5D00FD3F14 /* ConversationsViewController.swift in Sources */,
				4C9EA71C248DF12400FD3F14 /* VideoPlayerViewController.swift in Sources */,
				4CCD202824909F7500BBAE15 /* Extensions.swift in Sources */,
				4C9EA6FC248DEE5D00FD3F14 /* AppDelegate.swift in Sources */,
				4C9EA720248DF15F00FD3F14 /* ProfileViewController.swift in Sources */,
				4C9EA6FE248DEE5D00FD3F14 /* SceneDelegate.swift in Sources */,
				4C9EA71A248DF10F00FD3F14 /* PhotoViewerViewController.swift in Sources */,
			);
			runOnlyForDeploymentPostprocessing = 0;
		};
/* End PBXSourcesBuildPhase section */

/* Begin PBXVariantGroup section */
		4C9EA701248DEE5D00FD3F14 /* Main.storyboard */ = {
			isa = PBXVariantGroup;
			children = (
				4C9EA702248DEE5D00FD3F14 /* Base */,
			);
			name = Main.storyboard;
			sourceTree = "<group>";
		};
		4C9EA706248DEE6200FD3F14 /* LaunchScreen.storyboard */ = {
			isa = PBXVariantGroup;
			children = (
				4C9EA707248DEE6200FD3F14 /* Base */,
			);
			name = LaunchScreen.storyboard;
			sourceTree = "<group>";
		};
/* End PBXVariantGroup section */

/* Begin XCBuildConfiguration section */
		4C9EA70A248DEE6200FD3F14 /* Debug */ = {
			isa = XCBuildConfiguration;
			buildSettings = {
				ALWAYS_SEARCH_USER_PATHS = NO;
				CLANG_ANALYZER_NONNULL = YES;
				CLANG_ANALYZER_NUMBER_OBJECT_CONVERSION = YES_AGGRESSIVE;
				CLANG_CXX_LANGUAGE_STANDARD = "gnu++14";
				CLANG_CXX_LIBRARY = "libc++";
				CLANG_ENABLE_MODULES = YES;
				CLANG_ENABLE_OBJC_ARC = YES;
				CLANG_ENABLE_OBJC_WEAK = YES;
				CLANG_WARN_BLOCK_CAPTURE_AUTORELEASING = YES;
				CLANG_WARN_BOOL_CONVERSION = YES;
				CLANG_WARN_COMMA = YES;
				CLANG_WARN_CONSTANT_CONVERSION = YES;
				CLANG_WARN_DEPRECATED_OBJC_IMPLEMENTATIONS = YES;
				CLANG_WARN_DIRECT_OBJC_ISA_USAGE = YES_ERROR;
				CLANG_WARN_DOCUMENTATION_COMMENTS = YES;
				CLANG_WARN_EMPTY_BODY = YES;
				CLANG_WARN_ENUM_CONVERSION = YES;
				CLANG_WARN_INFINITE_RECURSION = YES;
				CLANG_WARN_INT_CONVERSION = YES;
				CLANG_WARN_NON_LITERAL_NULL_CONVERSION = YES;
				CLANG_WARN_OBJC_IMPLICIT_RETAIN_SELF = YES;
				CLANG_WARN_OBJC_LITERAL_CONVERSION = YES;
				CLANG_WARN_OBJC_ROOT_CLASS = YES_ERROR;
				CLANG_WARN_RANGE_LOOP_ANALYSIS = YES;
				CLANG_WARN_STRICT_PROTOTYPES = YES;
				CLANG_WARN_SUSPICIOUS_MOVE = YES;
				CLANG_WARN_UNGUARDED_AVAILABILITY = YES_AGGRESSIVE;
				CLANG_WARN_UNREACHABLE_CODE = YES;
				CLANG_WARN__DUPLICATE_METHOD_MATCH = YES;
				COPY_PHASE_STRIP = NO;
				DEBUG_INFORMATION_FORMAT = dwarf;
				ENABLE_STRICT_OBJC_MSGSEND = YES;
				ENABLE_TESTABILITY = YES;
				GCC_C_LANGUAGE_STANDARD = gnu11;
				GCC_DYNAMIC_NO_PIC = NO;
				GCC_NO_COMMON_BLOCKS = YES;
				GCC_OPTIMIZATION_LEVEL = 0;
				GCC_PREPROCESSOR_DEFINITIONS = (
					"DEBUG=1",
					"$(inherited)",
				);
				GCC_WARN_64_TO_32_BIT_CONVERSION = YES;
				GCC_WARN_ABOUT_RETURN_TYPE = YES_ERROR;
				GCC_WARN_UNDECLARED_SELECTOR = YES;
				GCC_WARN_UNINITIALIZED_AUTOS = YES_AGGRESSIVE;
				GCC_WARN_UNUSED_FUNCTION = YES;
				GCC_WARN_UNUSED_VARIABLE = YES;
				IPHONEOS_DEPLOYMENT_TARGET = 13.5;
				MTL_ENABLE_DEBUG_INFO = INCLUDE_SOURCE;
				MTL_FAST_MATH = YES;
				ONLY_ACTIVE_ARCH = YES;
				SDKROOT = iphoneos;
				SWIFT_ACTIVE_COMPILATION_CONDITIONS = DEBUG;
				SWIFT_OPTIMIZATION_LEVEL = "-Onone";
			};
			name = Debug;
		};
		4C9EA70B248DEE6200FD3F14 /* Release */ = {
			isa = XCBuildConfiguration;
			buildSettings = {
				ALWAYS_SEARCH_USER_PATHS = NO;
				CLANG_ANALYZER_NONNULL = YES;
				CLANG_ANALYZER_NUMBER_OBJECT_CONVERSION = YES_AGGRESSIVE;
				CLANG_CXX_LANGUAGE_STANDARD = "gnu++14";
				CLANG_CXX_LIBRARY = "libc++";
				CLANG_ENABLE_MODULES = YES;
				CLANG_ENABLE_OBJC_ARC = YES;
				CLANG_ENABLE_OBJC_WEAK = YES;
				CLANG_WARN_BLOCK_CAPTURE_AUTORELEASING = YES;
				CLANG_WARN_BOOL_CONVERSION = YES;
				CLANG_WARN_COMMA = YES;
				CLANG_WARN_CONSTANT_CONVERSION = YES;
				CLANG_WARN_DEPRECATED_OBJC_IMPLEMENTATIONS = YES;
				CLANG_WARN_DIRECT_OBJC_ISA_USAGE = YES_ERROR;
				CLANG_WARN_DOCUMENTATION_COMMENTS = YES;
				CLANG_WARN_EMPTY_BODY = YES;
				CLANG_WARN_ENUM_CONVERSION = YES;
				CLANG_WARN_INFINITE_RECURSION = YES;
				CLANG_WARN_INT_CONVERSION = YES;
				CLANG_WARN_NON_LITERAL_NULL_CONVERSION = YES;
				CLANG_WARN_OBJC_IMPLICIT_RETAIN_SELF = YES;
				CLANG_WARN_OBJC_LITERAL_CONVERSION = YES;
				CLANG_WARN_OBJC_ROOT_CLASS = YES_ERROR;
				CLANG_WARN_RANGE_LOOP_ANALYSIS = YES;
				CLANG_WARN_STRICT_PROTOTYPES = YES;
				CLANG_WARN_SUSPICIOUS_MOVE = YES;
				CLANG_WARN_UNGUARDED_AVAILABILITY = YES_AGGRESSIVE;
				CLANG_WARN_UNREACHABLE_CODE = YES;
				CLANG_WARN__DUPLICATE_METHOD_MATCH = YES;
				COPY_PHASE_STRIP = NO;
				DEBUG_INFORMATION_FORMAT = "dwarf-with-dsym";
				ENABLE_NS_ASSERTIONS = NO;
				ENABLE_STRICT_OBJC_MSGSEND = YES;
				GCC_C_LANGUAGE_STANDARD = gnu11;
				GCC_NO_COMMON_BLOCKS = YES;
				GCC_WARN_64_TO_32_BIT_CONVERSION = YES;
				GCC_WARN_ABOUT_RETURN_TYPE = YES_ERROR;
				GCC_WARN_UNDECLARED_SELECTOR = YES;
				GCC_WARN_UNINITIALIZED_AUTOS = YES_AGGRESSIVE;
				GCC_WARN_UNUSED_FUNCTION = YES;
				GCC_WARN_UNUSED_VARIABLE = YES;
				IPHONEOS_DEPLOYMENT_TARGET = 13.5;
				MTL_ENABLE_DEBUG_INFO = NO;
				MTL_FAST_MATH = YES;
				SDKROOT = iphoneos;
				SWIFT_COMPILATION_MODE = wholemodule;
				SWIFT_OPTIMIZATION_LEVEL = "-O";
				VALIDATE_PRODUCT = YES;
			};
			name = Release;
		};
		4C9EA70D248DEE6200FD3F14 /* Debug */ = {
			isa = XCBuildConfiguration;
			buildSettings = {
				ASSETCATALOG_COMPILER_APPICON_NAME = AppIcon;
				CODE_SIGN_STYLE = Automatic;
				DEVELOPMENT_TEAM = JDU7YZQ322;
				INFOPLIST_FILE = Messenger_Cover_App/Info.plist;
				LD_RUNPATH_SEARCH_PATHS = (
					"$(inherited)",
					"@executable_path/Frameworks",
				);
				PRODUCT_BUNDLE_IDENTIFIER = "thientung.Messenger-Cover-App";
				PRODUCT_NAME = "$(TARGET_NAME)";
				SWIFT_VERSION = 5.0;
				TARGETED_DEVICE_FAMILY = "1,2";
			};
			name = Debug;
		};
		4C9EA70E248DEE6200FD3F14 /* Release */ = {
			isa = XCBuildConfiguration;
			buildSettings = {
				ASSETCATALOG_COMPILER_APPICON_NAME = AppIcon;
				CODE_SIGN_STYLE = Automatic;
				DEVELOPMENT_TEAM = JDU7YZQ322;
				INFOPLIST_FILE = Messenger_Cover_App/Info.plist;
				LD_RUNPATH_SEARCH_PATHS = (
					"$(inherited)",
					"@executable_path/Frameworks",
				);
				PRODUCT_BUNDLE_IDENTIFIER = "thientung.Messenger-Cover-App";
				PRODUCT_NAME = "$(TARGET_NAME)";
				SWIFT_VERSION = 5.0;
				TARGETED_DEVICE_FAMILY = "1,2";
			};
			name = Release;
		};
/* End XCBuildConfiguration section */

/* Begin XCConfigurationList section */
		4C9EA6F3248DEE5D00FD3F14 /* Build configuration list for PBXProject "Messenger_Cover_App" */ = {
			isa = XCConfigurationList;
			buildConfigurations = (
				4C9EA70A248DEE6200FD3F14 /* Debug */,
				4C9EA70B248DEE6200FD3F14 /* Release */,
			);
			defaultConfigurationIsVisible = 0;
			defaultConfigurationName = Release;
		};
		4C9EA70C248DEE6200FD3F14 /* Build configuration list for PBXNativeTarget "Messenger_Cover_App" */ = {
			isa = XCConfigurationList;
			buildConfigurations = (
				4C9EA70D248DEE6200FD3F14 /* Debug */,
				4C9EA70E248DEE6200FD3F14 /* Release */,
			);
			defaultConfigurationIsVisible = 0;
			defaultConfigurationName = Release;
		};
/* End XCConfigurationList section */
	};
	rootObject = 4C9EA6F0248DEE5D00FD3F14 /* Project object */;
}
